
Microsoft Visual Studio Solution File, Format Version 12.00
# Visual Studio Version 17
VisualStudioVersion = 17.2.32616.157
MinimumVisualStudioVersion = 10.0.40219.1
Project("{9A19103F-16F7-4668-BE54-9A1E7A4F7556}") = "Web", "src\Web\Web.csproj", "{53F6F7B9-53EC-444A-A7EA-0F0B26CE6AD2}"
EndProject
Project("{2150E333-8FDC-42A3-9474-1A3956D46DE8}") = "src", "src", "{4596E26B-5CBF-4880-9AC3-560D6EDACB66}"
EndProject
Project("{2150E333-8FDC-42A3-9474-1A3956D46DE8}") = "tests", "tests", "{DC38545A-AD12-4CDC-83C7-292AF709D31B}"
EndProject
Project("{FAE04EC0-301F-11D3-BF4B-00C04F79EFBC}") = "UnitTests", "tests\UnitTests\UnitTests.csproj", "{E82A2153-7712-4615-8F43-EC9E69AEEBF4}"
EndProject
Project("{9A19103F-16F7-4668-BE54-9A1E7A4F7556}") = "Infrastructure", "src\Infrastructure\Infrastructure.csproj", "{97613D0A-ECE6-4ED6-8DA6-3104BB882944}"
EndProject
Project("{9A19103F-16F7-4668-BE54-9A1E7A4F7556}") = "ApplicationCore", "src\ApplicationCore\ApplicationCore.csproj", "{BD419F72-8E91-4B38-A9C0-141B016AAA41}"
EndProject
Global
	GlobalSection(SolutionConfigurationPlatforms) = preSolution
		Debug|Any CPU = Debug|Any CPU
		Release|Any CPU = Release|Any CPU
	EndGlobalSection
	GlobalSection(ProjectConfigurationPlatforms) = postSolution
		{53F6F7B9-53EC-444A-A7EA-0F0B26CE6AD2}.Debug|Any CPU.ActiveCfg = Debug|Any CPU
		{53F6F7B9-53EC-444A-A7EA-0F0B26CE6AD2}.Debug|Any CPU.Build.0 = Debug|Any CPU
		{53F6F7B9-53EC-444A-A7EA-0F0B26CE6AD2}.Release|Any CPU.ActiveCfg = Release|Any CPU
		{53F6F7B9-53EC-444A-A7EA-0F0B26CE6AD2}.Release|Any CPU.Build.0 = Release|Any CPU
		{E82A2153-7712-4615-8F43-EC9E69AEEBF4}.Debug|Any CPU.ActiveCfg = Debug|Any CPU
		{E82A2153-7712-4615-8F43-EC9E69AEEBF4}.Debug|Any CPU.Build.0 = Debug|Any CPU
		{E82A2153-7712-4615-8F43-EC9E69AEEBF4}.Release|Any CPU.ActiveCfg = Release|Any CPU
		{E82A2153-7712-4615-8F43-EC9E69AEEBF4}.Release|Any CPU.Build.0 = Release|Any CPU
		{97613D0A-ECE6-4ED6-8DA6-3104BB882944}.Debug|Any CPU.ActiveCfg = Debug|Any CPU
		{97613D0A-ECE6-4ED6-8DA6-3104BB882944}.Debug|Any CPU.Build.0 = Debug|Any CPU
		{97613D0A-ECE6-4ED6-8DA6-3104BB882944}.Release|Any CPU.ActiveCfg = Release|Any CPU
		{97613D0A-ECE6-4ED6-8DA6-3104BB882944}.Release|Any CPU.Build.0 = Release|Any CPU
		{BD419F72-8E91-4B38-A9C0-141B016AAA41}.Debug|Any CPU.ActiveCfg = Debug|Any CPU
		{BD419F72-8E91-4B38-A9C0-141B016AAA41}.Debug|Any CPU.Build.0 = Debug|Any CPU
		{BD419F72-8E91-4B38-A9C0-141B016AAA41}.Release|Any CPU.ActiveCfg = Release|Any CPU
		{BD419F72-8E91-4B38-A9C0-141B016AAA41}.Release|Any CPU.Build.0 = Release|Any CPU
	EndGlobalSection
	GlobalSection(SolutionProperties) = preSolution
		HideSolutionNode = FALSE
	EndGlobalSection
	GlobalSection(NestedProjects) = preSolution
		{53F6F7B9-53EC-444A-A7EA-0F0B26CE6AD2} = {4596E26B-5CBF-4880-9AC3-560D6EDACB66}
		{E82A2153-7712-4615-8F43-EC9E69AEEBF4} = {DC38545A-AD12-4CDC-83C7-292AF709D31B}
		{97613D0A-ECE6-4ED6-8DA6-3104BB882944} = {4596E26B-5CBF-4880-9AC3-560D6EDACB66}
		{BD419F72-8E91-4B38-A9C0-141B016AAA41} = {4596E26B-5CBF-4880-9AC3-560D6EDACB66}
	EndGlobalSection
	GlobalSection(ExtensibilityGlobals) = postSolution
		SolutionGuid = {531B0270-F4A2-41BE-A5A7-4A86F5BF524F}
	EndGlobalSection
EndGlobal
